{
  "lockfileVersion": 1,
  "configVersion": 1,
  "workspaces": {
    "": {
      "name": "yuku-root",
      "devDependencies": {
        "@jridgewell/trace-mapping": "^0.3.31",
        "@types/bun": "^1.3.14",
        "@types/node": "^26.1.0",
        "@typescript-eslint/scope-manager": "^8.64.0",
        "@typescript-eslint/typescript-estree": "^8.64.0",
        "fast-deep-equal": "^3.1.3",
        "jest-diff": "^30.4.1",
        "napi-zig": "^0.1.45",
        "typescript": "^6.0.3",
        "yuku-analyzer": "workspace:*",
        "yuku-ast": "workspace:*",
        "yuku-codegen": "workspace:*",
        "yuku-parser": "workspace:*",
      },
    },
    "npm/yuku-analyzer": {
      "name": "yuku-analyzer",
      "version": "0.6.8",
      "dependencies": {
        "@yuku-toolchain/types": "workspace:*",
        "yuku-ast": "workspace:*",
      },
      "optionalDependencies": {
        "@yuku-analyzer/binding-darwin-arm64": "0.6.8",
        "@yuku-analyzer/binding-darwin-x64": "0.6.8",
        "@yuku-analyzer/binding-freebsd-x64": "0.6.8",
        "@yuku-analyzer/binding-linux-arm-gnu": "0.6.8",
        "@yuku-analyzer/binding-linux-arm-musl": "0.6.8",
        "@yuku-analyzer/binding-linux-arm64-gnu": "0.6.8",
        "@yuku-analyzer/binding-linux-arm64-musl": "0.6.8",
        "@yuku-analyzer/binding-linux-x64-gnu": "0.6.8",
        "@yuku-analyzer/binding-linux-x64-musl": "0.6.8",
        "@yuku-analyzer/binding-win32-arm64": "0.6.8",
        "@yuku-analyzer/binding-win32-x64": "0.6.8",
      },
    },
    "npm/yuku-analyzer/@yuku-analyzer/binding-darwin-arm64": {
      "name": "@yuku-analyzer/binding-darwin-arm64",
      "version": "0.6.8",
    },
    "npm/yuku-analyzer/@yuku-analyzer/binding-darwin-x64": {
      "name": "@yuku-analyzer/binding-darwin-x64",
      "version": "0.6.8",
    },
    "npm/yuku-analyzer/@yuku-analyzer/binding-freebsd-x64": {
      "name": "@yuku-analyzer/binding-freebsd-x64",
      "version": "0.6.8",
    },
    "npm/yuku-analyzer/@yuku-analyzer/binding-linux-arm-gnu": {
      "name": "@yuku-analyzer/binding-linux-arm-gnu",
      "version": "0.6.8",
    },
    "npm/yuku-analyzer/@yuku-analyzer/binding-linux-arm-musl": {
      "name": "@yuku-analyzer/binding-linux-arm-musl",
      "version": "0.6.8",
    },
    "npm/yuku-analyzer/@yuku-analyzer/binding-linux-arm64-gnu": {
      "name": "@yuku-analyzer/binding-linux-arm64-gnu",
      "version": "0.6.8",
    },
    "npm/yuku-analyzer/@yuku-analyzer/binding-linux-arm64-musl": {
      "name": "@yuku-analyzer/binding-linux-arm64-musl",
      "version": "0.6.8",
    },
    "npm/yuku-analyzer/@yuku-analyzer/binding-linux-x64-gnu": {
      "name": "@yuku-analyzer/binding-linux-x64-gnu",
      "version": "0.6.8",
    },
    "npm/yuku-analyzer/@yuku-analyzer/binding-linux-x64-musl": {
      "name": "@yuku-analyzer/binding-linux-x64-musl",
      "version": "0.6.8",
    },
    "npm/yuku-analyzer/@yuku-analyzer/binding-win32-arm64": {
      "name": "@yuku-analyzer/binding-win32-arm64",
      "version": "0.6.8",
    },
    "npm/yuku-analyzer/@yuku-analyzer/binding-win32-x64": {
      "name": "@yuku-analyzer/binding-win32-x64",
      "version": "0.6.8",
    },
    "npm/yuku-ast": {
      "name": "yuku-ast",
      "version": "0.6.8",
      "dependencies": {
        "@yuku-toolchain/types": "workspace:*",
      },
      "devDependencies": {
        "tsdown": "^0.15.6",
      },
    },
    "npm/yuku-codegen": {
      "name": "yuku-codegen",
      "version": "0.6.8",
      "dependencies": {
        "@yuku-toolchain/types": "workspace:*",
      },
      "optionalDependencies": {
        "@yuku-codegen/binding-darwin-arm64": "0.6.8",
        "@yuku-codegen/binding-darwin-x64": "0.6.8",
        "@yuku-codegen/binding-freebsd-x64": "0.6.8",
        "@yuku-codegen/binding-linux-arm-gnu": "0.6.8",
        "@yuku-codegen/binding-linux-arm-musl": "0.6.8",
        "@yuku-codegen/binding-linux-arm64-gnu": "0.6.8",
        "@yuku-codegen/binding-linux-arm64-musl": "0.6.8",
        "@yuku-codegen/binding-linux-x64-gnu": "0.6.8",
        "@yuku-codegen/binding-linux-x64-musl": "0.6.8",
        "@yuku-codegen/binding-win32-arm64": "0.6.8",
        "@yuku-codegen/binding-win32-x64": "0.6.8",
      },
    },
    "npm/yuku-codegen-wasm": {
      "name": "@yuku-codegen/wasm",
      "version": "0.6.8",
    },
    "npm/yuku-codegen/@yuku-codegen/binding-darwin-arm64": {
      "name": "@yuku-codegen/binding-darwin-arm64",
      "version": "0.6.8",
    },
    "npm/yuku-codegen/@yuku-codegen/binding-darwin-x64": {
      "name": "@yuku-codegen/binding-darwin-x64",
      "version": "0.6.8",
    },
    "npm/yuku-codegen/@yuku-codegen/binding-freebsd-x64": {
      "name": "@yuku-codegen/binding-freebsd-x64",
      "version": "0.6.8",
    },
    "npm/yuku-codegen/@yuku-codegen/binding-linux-arm-gnu": {
      "name": "@yuku-codegen/binding-linux-arm-gnu",
      "version": "0.6.8",
    },
    "npm/yuku-codegen/@yuku-codegen/binding-linux-arm-musl": {
      "name": "@yuku-codegen/binding-linux-arm-musl",
      "version": "0.6.8",
    },
    "npm/yuku-codegen/@yuku-codegen/binding-linux-arm64-gnu": {
      "name": "@yuku-codegen/binding-linux-arm64-gnu",
      "version": "0.6.8",
    },
    "npm/yuku-codegen/@yuku-codegen/binding-linux-arm64-musl": {
      "name": "@yuku-codegen/binding-linux-arm64-musl",
      "version": "0.6.8",
    },
    "npm/yuku-codegen/@yuku-codegen/binding-linux-x64-gnu": {
      "name": "@yuku-codegen/binding-linux-x64-gnu",
      "version": "0.6.8",
    },
    "npm/yuku-codegen/@yuku-codegen/binding-linux-x64-musl": {
      "name": "@yuku-codegen/binding-linux-x64-musl",
      "version": "0.6.8",
    },
    "npm/yuku-codegen/@yuku-codegen/binding-win32-arm64": {
      "name": "@yuku-codegen/binding-win32-arm64",
      "version": "0.6.8",
    },
    "npm/yuku-codegen/@yuku-codegen/binding-win32-x64": {
      "name": "@yuku-codegen/binding-win32-x64",
      "version": "0.6.8",
    },
    "npm/yuku-parser": {
      "name": "yuku-parser",
      "version": "0.6.8",
      "dependencies": {
        "@yuku-toolchain/types": "workspace:*",
        "yuku-ast": "workspace:*",
      },
      "optionalDependencies": {
        "@yuku-parser/binding-darwin-arm64": "0.6.8",
        "@yuku-parser/binding-darwin-x64": "0.6.8",
        "@yuku-parser/binding-freebsd-x64": "0.6.8",
        "@yuku-parser/binding-linux-arm-gnu": "0.6.8",
        "@yuku-parser/binding-linux-arm-musl": "0.6.8",
        "@yuku-parser/binding-linux-arm64-gnu": "0.6.8",
        "@yuku-parser/binding-linux-arm64-musl": "0.6.8",
        "@yuku-parser/binding-linux-x64-gnu": "0.6.8",
        "@yuku-parser/binding-linux-x64-musl": "0.6.8",
        "@yuku-parser/binding-win32-arm64": "0.6.8",
        "@yuku-parser/binding-win32-x64": "0.6.8",
      },
    },
    "npm/yuku-parser-wasm": {
      "name": "@yuku-parser/wasm",
      "version": "0.6.8",
      "dependencies": {
        "@yuku-toolchain/types": "workspace:*",
        "yuku-ast": "workspace:*",
      },
    },
    "npm/yuku-parser/@yuku-parser/binding-darwin-arm64": {
      "name": "@yuku-parser/binding-darwin-arm64",
      "version": "0.6.8",
    },
    "npm/yuku-parser/@yuku-parser/binding-darwin-x64": {
      "name": "@yuku-parser/binding-darwin-x64",
      "version": "0.6.8",
    },
    "npm/yuku-parser/@yuku-parser/binding-freebsd-x64": {
      "name": "@yuku-parser/binding-freebsd-x64",
      "version": "0.6.8",
    },
    "npm/yuku-parser/@yuku-parser/binding-linux-arm-gnu": {
      "name": "@yuku-parser/binding-linux-arm-gnu",
      "version": "0.6.8",
    },
    "npm/yuku-parser/@yuku-parser/binding-linux-arm-musl": {
      "name": "@yuku-parser/binding-linux-arm-musl",
      "version": "0.6.8",
    },
    "npm/yuku-parser/@yuku-parser/binding-linux-arm64-gnu": {
      "name": "@yuku-parser/binding-linux-arm64-gnu",
      "version": "0.6.8",
    },
    "npm/yuku-parser/@yuku-parser/binding-linux-arm64-musl": {
      "name": "@yuku-parser/binding-linux-arm64-musl",
      "version": "0.6.8",
    },
    "npm/yuku-parser/@yuku-parser/binding-linux-x64-gnu": {
      "name": "@yuku-parser/binding-linux-x64-gnu",
      "version": "0.6.8",
    },
    "npm/yuku-parser/@yuku-parser/binding-linux-x64-musl": {
      "name": "@yuku-parser/binding-linux-x64-musl",
      "version": "0.6.8",
    },
    "npm/yuku-parser/@yuku-parser/binding-win32-arm64": {
      "name": "@yuku-parser/binding-win32-arm64",
      "version": "0.6.8",
    },
    "npm/yuku-parser/@yuku-parser/binding-win32-x64": {
      "name": "@yuku-parser/binding-win32-x64",
      "version": "0.6.8",
    },
    "npm/yuku-types": {
      "name": "@yuku-toolchain/types",
      "version": "0.6.8",
    },
  },
  "packages": {
    "@babel/generator": ["@babel/generator@7.29.7", "", { "dependencies": { "@babel/parser": "^7.29.7", "@babel/types": "^7.29.7", "@jridgewell/gen-mapping": "^0.3.12", "@jridgewell/trace-mapping": "^0.3.28", "jsesc": "^3.0.2" } }, "sha512-DkXD5OJQaAQIdZ1bt3UZdEnHAn9Imd3IVBdX03UFe+ony9Ojw5pzr9YVKGDY1jt+Gcn/FnGkNf8r+Vj5NOJWtQ=="],

    "@babel/helper-string-parser": ["@babel/helper-string-parser@7.29.7", "", {}, "sha512-Pb5ijPrZ89GDH8223L4UP8i6QApWxs04RbPQJTeWDV0/keR2E36MeKnyr6LYmUUvqRRI+Iv87SuF1W6ErINzYw=="],

    "@babel/helper-validator-identifier": ["@babel/helper-validator-identifier@7.29.7", "", {}, "sha512-qehxGkRj55h/ff8EMaJ+cYhyaKlHIxqYDn682wQD7RNp9UujOQsHog2uS0r2vzr4pW+sXf90NeeayjcNaX3fFg=="],

    "@babel/parser": ["@babel/parser@7.29.7", "", { "dependencies": { "@babel/types": "^7.29.7" }, "bin": "./bin/babel-parser.js" }, "sha512-hnORnjP/1P/zFEndoeX+n+t1RwWRJiJpM/jO7FW32Kn9r5+sJB2JWOdYo4L6k78j15eCwY3Gm/7364B1EMwtNg=="],

    "@babel/types": ["@babel/types@7.29.7", "", { "dependencies": { "@babel/helper-string-parser": "^7.29.7", "@babel/helper-validator-identifier": "^7.29.7" } }, "sha512-4zBIxpPzowiZpusoFkyGVwakdRJUyuH5PxQ/PrqghfdFWWasvnCdPfQXHrenDai+gyLARulZjZowCOj6fjT4pA=="],

    "@emnapi/core": ["@emnapi/core@1.11.2", "", { "dependencies": { "@emnapi/wasi-threads": "1.2.2", "tslib": "^2.4.0" } }, "sha512-TC8MkTuZUtcTSiFeuC0ksCh9QIJ5+F21MvZ4Wn4ORfYaFJ/0dsiudv5tVkejgwZlwQ39jL9WWDe2lz8x0WglOA=="],

    "@emnapi/runtime": ["@emnapi/runtime@1.11.2", "", { "dependencies": { "tslib": "^2.4.0" } }, "sha512-kyOl3X0DuTiT1h2ft8r2fYO8JYtU9a9Xis/zBSiGArNaagCOWx90N1k2wxp18czFDH+OgcWGb5ZP/XMt3dcyPA=="],

    "@emnapi/wasi-threads": ["@emnapi/wasi-threads@1.2.2", "", { "dependencies": { "tslib": "^2.4.0" } }, "sha512-c95qOXkHdydNKhscBTebqEC1CVAZpyqOfVfBzQ1qgzyl3gfeldUjIggDbIZgDKsHLgnsM+igH7TJ/eAasaVuMA=="],

    "@jest/diff-sequences": ["@jest/diff-sequences@30.4.0", "", {}, "sha512-zOpzlfUs45l6u7jm39qr87JCHUDsaeCtvL+kQe/Vn9jSnRB4/5IPXISm0h9I1vZW/o00Kn4UTJ2MOlhnUGwv3g=="],

    "@jest/get-type": ["@jest/get-type@30.1.0", "", {}, "sha512-eMbZE2hUnx1WV0pmURZY9XoXPkUYjpc55mb0CrhtdWLtzMQPFvu/rZkTLZFTsdaVQa+Tr4eWAteqcUzoawq/uA=="],

    "@jest/schemas": ["@jest/schemas@30.4.1", "", { "dependencies": { "@sinclair/typebox": "^0.34.0" } }, "sha512-i6b4qw5qnP8c5FEeBJg/uZQ4ddrkN6Ca8qISJh0pr7a5hfn3h3v5x60BEbOC7OYAGZNMs1LfFLwnW2CuK8F57Q=="],

    "@jridgewell/gen-mapping": ["@jridgewell/gen-mapping@0.3.13", "", { "dependencies": { "@jridgewell/sourcemap-codec": "^1.5.0", "@jridgewell/trace-mapping": "^0.3.24" } }, "sha512-2kkt/7niJ6MgEPxF0bYdQ6etZaA+fQvDcLKckhy1yIQOzaoKjBBjSj63/aLVjYE3qhRt5dvM+uUyfCg6UKCBbA=="],

    "@jridgewell/resolve-uri": ["@jridgewell/resolve-uri@3.1.2", "", {}, "sha512-bRISgCIjP20/tbWSPWMEi54QVPRZExkuD9lJL+UIxUKtwVJA8wW1Trb1jMs1RFXo1CBTNZ/5hpC9QvmKWdopKw=="],

    "@jridgewell/sourcemap-codec": ["@jridgewell/sourcemap-codec@1.5.5", "", {}, "sha512-cYQ9310grqxueWbl+WuIUIaiUaDcj7WOq5fVhEljNVgRfOUhY9fy2zTvfoqWsnebh8Sl70VScFbICvJnLKB0Og=="],

    "@jridgewell/trace-mapping": ["@jridgewell/trace-mapping@0.3.31", "", { "dependencies": { "@jridgewell/resolve-uri": "^3.1.0", "@jridgewell/sourcemap-codec": "^1.4.14" } }, "sha512-zzNR+SdQSDJzc8joaeP8QQoCQr8NuYx2dIIytl1QeBEZHJ9uW6hebsrYgbz8hJwUQao3TWCMtmfV8Nu1twOLAw=="],

    "@napi-rs/wasm-runtime": ["@napi-rs/wasm-runtime@1.1.6", "", { "dependencies": { "@tybys/wasm-util": "^0.10.3" }, "peerDependencies": { "@emnapi/core": "^1.7.1", "@emnapi/runtime": "^1.7.1" } }, "sha512-ZLv/JdUfkvOy9eCnnBaGfiO+XimbjebAeO+MRQqD/B+FR1tnRN0tpKSJHRbE8sFfS6aqsXZ67TQjfwfsxULVbg=="],

    "@oxc-project/types": ["@oxc-project/types@0.95.0", "", {}, "sha512-vACy7vhpMPhjEJhULNxrdR0D943TkA/MigMpJCHmBHvMXxRStRi/dPtTlfQ3uDwWSzRpT8z+7ImjZVf8JWBocQ=="],

    "@quansync/fs": ["@quansync/fs@1.0.0", "", { "dependencies": { "quansync": "^1.0.0" } }, "sha512-4TJ3DFtlf1L5LDMaM6CanJ/0lckGNtJcMjQ1NAV6zDmA0tEHKZtxNKin8EgPaVX1YzljbxckyT2tJrpQKAtngQ=="],

    "@rolldown/binding-android-arm64": ["@rolldown/binding-android-arm64@1.0.0-beta.45", "", { "os": "android", "cpu": "arm64" }, "sha512-bfgKYhFiXJALeA/riil908+2vlyWGdwa7Ju5S+JgWZYdR4jtiPOGdM6WLfso1dojCh+4ZWeiTwPeV9IKQEX+4g=="],

    "@rolldown/binding-darwin-arm64": ["@rolldown/binding-darwin-arm64@1.0.0-beta.45", "", { "os": "darwin", "cpu": "arm64" }, "sha512-xjCv4CRVsSnnIxTuyH1RDJl5OEQ1c9JYOwfDAHddjJDxCw46ZX9q80+xq7Eok7KC4bRSZudMJllkvOKv0T9SeA=="],

    "@rolldown/binding-darwin-x64": ["@rolldown/binding-darwin-x64@1.0.0-beta.45", "", { "os": "darwin", "cpu": "x64" }, "sha512-ddcO9TD3D/CLUa/l8GO8LHzBOaZqWg5ClMy3jICoxwCuoz47h9dtqPsIeTiB6yR501LQTeDsjA4lIFd7u3Ljfw=="],

    "@rolldown/binding-freebsd-x64": ["@rolldown/binding-freebsd-x64@1.0.0-beta.45", "", { "os": "freebsd", "cpu": "x64" }, "sha512-MBTWdrzW9w+UMYDUvnEuh0pQvLENkl2Sis15fHTfHVW7ClbGuez+RWopZudIDEGkpZXdeI4CkRXk+vdIIebrmg=="],

    "@rolldown/binding-linux-arm-gnueabihf": ["@rolldown/binding-linux-arm-gnueabihf@1.0.0-beta.45", "", { "os": "linux", "cpu": "arm" }, "sha512-4YgoCFiki1HR6oSg+GxxfzfnVCesQxLF1LEnw9uXS/MpBmuog0EOO2rYfy69rWP4tFZL9IWp6KEfGZLrZ7aUog=="],

    "@rolldown/binding-linux-arm64-gnu": ["@rolldown/binding-linux-arm64-gnu@1.0.0-beta.45", "", { "os": "linux", "cpu": "arm64" }, "sha512-LE1gjAwQRrbCOorJJ7LFr10s5vqYf5a00V5Ea9wXcT2+56n5YosJkcp8eQ12FxRBv2YX8dsdQJb+ZTtYJwb6XQ=="],

    "@rolldown/binding-linux-arm64-musl": ["@rolldown/binding-linux-arm64-musl@1.0.0-beta.45", "", { "os": "linux", "cpu": "arm64" }, "sha512-tdy8ThO/fPp40B81v0YK3QC+KODOmzJzSUOO37DinQxzlTJ026gqUSOM8tzlVixRbQJltgVDCTYF8HNPRErQTA=="],

    "@rolldown/binding-linux-x64-gnu": ["@rolldown/binding-linux-x64-gnu@1.0.0-beta.45", "", { "os": "linux", "cpu": "x64" }, "sha512-lS082ROBWdmOyVY/0YB3JmsiClaWoxvC+dA8/rbhyB9VLkvVEaihLEOr4CYmrMse151C4+S6hCw6oa1iewox7g=="],

    "@rolldown/binding-linux-x64-musl": ["@rolldown/binding-linux-x64-musl@1.0.0-beta.45", "", { "os": "linux", "cpu": "x64" }, "sha512-Hi73aYY0cBkr1/SvNQqH8Cd+rSV6S9RB5izCv0ySBcRnd/Wfn5plguUoGYwBnhHgFbh6cPw9m2dUVBR6BG1gxA=="],

    "@rolldown/binding-openharmony-arm64": ["@rolldown/binding-openharmony-arm64@1.0.0-beta.45", "", { "os": "none", "cpu": "arm64" }, "sha512-fljEqbO7RHHogNDxYtTzr+GNjlfOx21RUyGmF+NrkebZ8emYYiIqzPxsaMZuRx0rgZmVmliOzEp86/CQFDKhJQ=="],

    "@rolldown/binding-wasm32-wasi": ["@rolldown/binding-wasm32-wasi@1.0.0-beta.45", "", { "dependencies": { "@napi-rs/wasm-runtime": "^1.0.7" }, "cpu": "none" }, "sha512-ZJDB7lkuZE9XUnWQSYrBObZxczut+8FZ5pdanm8nNS1DAo8zsrPuvGwn+U3fwU98WaiFsNrA4XHngesCGr8tEQ=="],

    "@rolldown/binding-win32-arm64-msvc": ["@rolldown/binding-win32-arm64-msvc@1.0.0-beta.45", "", { "os": "win32", "cpu": "arm64" }, "sha512-zyzAjItHPUmxg6Z8SyRhLdXlJn3/D9KL5b9mObUrBHhWS/GwRH4665xCiFqeuktAhhWutqfc+rOV2LjK4VYQGQ=="],

    "@rolldown/binding-win32-ia32-msvc": ["@rolldown/binding-win32-ia32-msvc@1.0.0-beta.45", "", { "os": "win32", "cpu": "ia32" }, "sha512-wODcGzlfxqS6D7BR0srkJk3drPwXYLu7jPHN27ce2c4PUnVVmJnp9mJzUQGT4LpmHmmVdMZ+P6hKvyTGBzc1CA=="],

    "@rolldown/binding-win32-x64-msvc": ["@rolldown/binding-win32-x64-msvc@1.0.0-beta.45", "", { "os": "win32", "cpu": "x64" }, "sha512-wiU40G1nQo9rtfvF9jLbl79lUgjfaD/LTyUEw2Wg/gdF5OhjzpKMVugZQngO+RNdwYaNj+Fs+kWBWfp4VXPMHA=="],

    "@rolldown/pluginutils": ["@rolldown/pluginutils@1.0.0-beta.45", "", {}, "sha512-Le9ulGCrD8ggInzWw/k2J8QcbPz7eGIOWqfJ2L+1R0Opm7n6J37s2hiDWlh6LJN0Lk9L5sUzMvRHKW7UxBZsQA=="],

    "@sinclair/typebox": ["@sinclair/typebox@0.34.52", "", {}, "sha512-XiMQh7qqVlxZzcVD+kkGMNGMzcTrDMLWI7S4x7z1MkCkbDPrekpZXEUK0eZqZFMuHQg2a2DZOcDIh9o5v3Gonw=="],

    "@tybys/wasm-util": ["@tybys/wasm-util@0.10.3", "", { "dependencies": { "tslib": "^2.4.0" } }, "sha512-F3fo1MYrRJYL3zER0OUOmkutjr1Vp23m7OsSgp7nq4SP6OqX6C/56XFIPAl5bt3zaBRjmW7SGz3u/6LwFpYcOg=="],

    "@types/bun": ["@types/bun@1.3.14", "", { "dependencies": { "bun-types": "1.3.14" } }, "sha512-h1hFqFVcvAvD9j9K7ZW7vd82aSA+rTdznZa+5bwvCwqSB1jmmfLcbIWhOLx1/+boy/xmjgCs/OMUL8hRJSmnPw=="],

    "@types/node": ["@types/node@26.1.1", "", { "dependencies": { "undici-types": "~8.3.0" } }, "sha512-nxAkRSVkN1Y0JC1W8ky/fTfkGsMmcrRsbx+3XoZE+rMOX71kLYTV7fLXpqud1GpbpP5TuffXFqfX7fH2GgZREw=="],

    "@typescript-eslint/project-service": ["@typescript-eslint/project-service@8.64.0", "", { "dependencies": { "@typescript-eslint/tsconfig-utils": "^8.64.0", "@typescript-eslint/types": "^8.64.0", "debug": "^4.4.3" }, "peerDependencies": { "typescript": ">=4.8.4 <6.1.0" } }, "sha512-tk4WpOJ6IEbGrVHaNmM0YRrwAD3exZlIK3iadQNAxh4YKk6jvUQ4ecq18n+v7+meh+cJ3j+D8nbk8sRKhlwLQg=="],

    "@typescript-eslint/scope-manager": ["@typescript-eslint/scope-manager@8.64.0", "", { "dependencies": { "@typescript-eslint/types": "8.64.0", "@typescript-eslint/visitor-keys": "8.64.0" } }, "sha512-CXEaFdYXjSTgKhisNkwCcJwTP8Pl+fmRrEQrri4nm3vU743bALrxzLmq7fHG/7e6a5xO0lDYeURpZmBuhHk54w=="],

    "@typescript-eslint/tsconfig-utils": ["@typescript-eslint/tsconfig-utils@8.64.0", "", { "peerDependencies": { "typescript": ">=4.8.4 <6.1.0" } }, "sha512-2yo8rRNKuzbVWQp5kslhANqZ2uDAeROQHBRZNPu8JDsHmeFNj/XJJhX/FhNUWmkHHvoNsKa6+tHJiig87EzsQw=="],

    "@typescript-eslint/types": ["@typescript-eslint/types@8.64.0", "", {}, "sha512-qjhfuTfLXjA4IOzXvz0rTjT01BqEiIgPoUeMwiEjnaHKJMTNo8rH5pYW1a2L/0Dnux2fPC85AeyJoWaGa8WxTA=="],

    "@typescript-eslint/typescript-estree": ["@typescript-eslint/typescript-estree@8.64.0", "", { "dependencies": { "@typescript-eslint/project-service": "8.64.0", "@typescript-eslint/tsconfig-utils": "8.64.0", "@typescript-eslint/types": "8.64.0", "@typescript-eslint/visitor-keys": "8.64.0", "debug": "^4.4.3", "minimatch": "^10.2.2", "semver": "^7.7.3", "tinyglobby": "^0.2.15", "ts-api-utils": "^2.5.0" }, "peerDependencies": { "typescript": ">=4.8.4 <6.1.0" } }, "sha512-Pztpsn1aCE1oWDvDEfUk31nngvvF7vUB5SwHFEaZIFpvw7WJtqUHHL4plBZDA9HfWJJjL13BdG0YrJInTUvoVA=="],

    "@typescript-eslint/visitor-keys": ["@typescript-eslint/visitor-keys@8.64.0", "", { "dependencies": { "@typescript-eslint/types": "8.64.0", "eslint-visitor-keys": "^5.0.0" } }, "sha512-mrtuL8Nsn6gi2H4mo5KMTp823M+3Q19Ew/i+Zlikq20tIMm99C3Ez0dCmkWWnxut20esQvTg8aUSEhMcAOXhEw=="],

    "@yuku-analyzer/binding-darwin-arm64": ["@yuku-analyzer/binding-darwin-arm64@workspace:npm/yuku-analyzer/@yuku-analyzer/binding-darwin-arm64"],

    "@yuku-analyzer/binding-darwin-x64": ["@yuku-analyzer/binding-darwin-x64@workspace:npm/yuku-analyzer/@yuku-analyzer/binding-darwin-x64"],

    "@yuku-analyzer/binding-freebsd-x64": ["@yuku-analyzer/binding-freebsd-x64@workspace:npm/yuku-analyzer/@yuku-analyzer/binding-freebsd-x64"],

    "@yuku-analyzer/binding-linux-arm-gnu": ["@yuku-analyzer/binding-linux-arm-gnu@workspace:npm/yuku-analyzer/@yuku-analyzer/binding-linux-arm-gnu"],

    "@yuku-analyzer/binding-linux-arm-musl": ["@yuku-analyzer/binding-linux-arm-musl@workspace:npm/yuku-analyzer/@yuku-analyzer/binding-linux-arm-musl"],

    "@yuku-analyzer/binding-linux-arm64-gnu": ["@yuku-analyzer/binding-linux-arm64-gnu@workspace:npm/yuku-analyzer/@yuku-analyzer/binding-linux-arm64-gnu"],

    "@yuku-analyzer/binding-linux-arm64-musl": ["@yuku-analyzer/binding-linux-arm64-musl@workspace:npm/yuku-analyzer/@yuku-analyzer/binding-linux-arm64-musl"],

    "@yuku-analyzer/binding-linux-x64-gnu": ["@yuku-analyzer/binding-linux-x64-gnu@workspace:npm/yuku-analyzer/@yuku-analyzer/binding-linux-x64-gnu"],

    "@yuku-analyzer/binding-linux-x64-musl": ["@yuku-analyzer/binding-linux-x64-musl@workspace:npm/yuku-analyzer/@yuku-analyzer/binding-linux-x64-musl"],

    "@yuku-analyzer/binding-win32-arm64": ["@yuku-analyzer/binding-win32-arm64@workspace:npm/yuku-analyzer/@yuku-analyzer/binding-win32-arm64"],

    "@yuku-analyzer/binding-win32-x64": ["@yuku-analyzer/binding-win32-x64@workspace:npm/yuku-analyzer/@yuku-analyzer/binding-win32-x64"],

    "@yuku-codegen/binding-darwin-arm64": ["@yuku-codegen/binding-darwin-arm64@workspace:npm/yuku-codegen/@yuku-codegen/binding-darwin-arm64"],

    "@yuku-codegen/binding-darwin-x64": ["@yuku-codegen/binding-darwin-x64@workspace:npm/yuku-codegen/@yuku-codegen/binding-darwin-x64"],

    "@yuku-codegen/binding-freebsd-x64": ["@yuku-codegen/binding-freebsd-x64@workspace:npm/yuku-codegen/@yuku-codegen/binding-freebsd-x64"],

    "@yuku-codegen/binding-linux-arm-gnu": ["@yuku-codegen/binding-linux-arm-gnu@workspace:npm/yuku-codegen/@yuku-codegen/binding-linux-arm-gnu"],

    "@yuku-codegen/binding-linux-arm-musl": ["@yuku-codegen/binding-linux-arm-musl@workspace:npm/yuku-codegen/@yuku-codegen/binding-linux-arm-musl"],

    "@yuku-codegen/binding-linux-arm64-gnu": ["@yuku-codegen/binding-linux-arm64-gnu@workspace:npm/yuku-codegen/@yuku-codegen/binding-linux-arm64-gnu"],

    "@yuku-codegen/binding-linux-arm64-musl": ["@yuku-codegen/binding-linux-arm64-musl@workspace:npm/yuku-codegen/@yuku-codegen/binding-linux-arm64-musl"],

    "@yuku-codegen/binding-linux-x64-gnu": ["@yuku-codegen/binding-linux-x64-gnu@workspace:npm/yuku-codegen/@yuku-codegen/binding-linux-x64-gnu"],

    "@yuku-codegen/binding-linux-x64-musl": ["@yuku-codegen/binding-linux-x64-musl@workspace:npm/yuku-codegen/@yuku-codegen/binding-linux-x64-musl"],

    "@yuku-codegen/binding-win32-arm64": ["@yuku-codegen/binding-win32-arm64@workspace:npm/yuku-codegen/@yuku-codegen/binding-win32-arm64"],

    "@yuku-codegen/binding-win32-x64": ["@yuku-codegen/binding-win32-x64@workspace:npm/yuku-codegen/@yuku-codegen/binding-win32-x64"],

    "@yuku-codegen/wasm": ["@yuku-codegen/wasm@workspace:npm/yuku-codegen-wasm"],

    "@yuku-parser/binding-darwin-arm64": ["@yuku-parser/binding-darwin-arm64@workspace:npm/yuku-parser/@yuku-parser/binding-darwin-arm64"],

    "@yuku-parser/binding-darwin-x64": ["@yuku-parser/binding-darwin-x64@workspace:npm/yuku-parser/@yuku-parser/binding-darwin-x64"],

    "@yuku-parser/binding-freebsd-x64": ["@yuku-parser/binding-freebsd-x64@workspace:npm/yuku-parser/@yuku-parser/binding-freebsd-x64"],

    "@yuku-parser/binding-linux-arm-gnu": ["@yuku-parser/binding-linux-arm-gnu@workspace:npm/yuku-parser/@yuku-parser/binding-linux-arm-gnu"],

    "@yuku-parser/binding-linux-arm-musl": ["@yuku-parser/binding-linux-arm-musl@workspace:npm/yuku-parser/@yuku-parser/binding-linux-arm-musl"],

    "@yuku-parser/binding-linux-arm64-gnu": ["@yuku-parser/binding-linux-arm64-gnu@workspace:npm/yuku-parser/@yuku-parser/binding-linux-arm64-gnu"],

    "@yuku-parser/binding-linux-arm64-musl": ["@yuku-parser/binding-linux-arm64-musl@workspace:npm/yuku-parser/@yuku-parser/binding-linux-arm64-musl"],

    "@yuku-parser/binding-linux-x64-gnu": ["@yuku-parser/binding-linux-x64-gnu@workspace:npm/yuku-parser/@yuku-parser/binding-linux-x64-gnu"],

    "@yuku-parser/binding-linux-x64-musl": ["@yuku-parser/binding-linux-x64-musl@workspace:npm/yuku-parser/@yuku-parser/binding-linux-x64-musl"],

    "@yuku-parser/binding-win32-arm64": ["@yuku-parser/binding-win32-arm64@workspace:npm/yuku-parser/@yuku-parser/binding-win32-arm64"],

    "@yuku-parser/binding-win32-x64": ["@yuku-parser/binding-win32-x64@workspace:npm/yuku-parser/@yuku-parser/binding-win32-x64"],

    "@yuku-parser/wasm": ["@yuku-parser/wasm@workspace:npm/yuku-parser-wasm"],

    "@yuku-toolchain/types": ["@yuku-toolchain/types@workspace:npm/yuku-types"],

    "ansi-styles": ["ansi-styles@4.3.0", "", { "dependencies": { "color-convert": "^2.0.1" } }, "sha512-zbB9rCJAT1rbjiVDb2hqKFHNYLxgtk8NURxZ3IZwD3F6NtxbXZQCnnSi1Lkx+IDohdPlFp222wVALIheZJQSEg=="],

    "ansis": ["ansis@4.3.1", "", {}, "sha512-BJ8/l4R5LRE7hW9WdSuGYrLSHi2ynxeFpDFbH0K/CgNeY/tyhk+vO6TYxXC5r5CpUhNVX310xzPsN/H9lCdfOA=="],

    "ast-kit": ["ast-kit@2.2.0", "", { "dependencies": { "@babel/parser": "^7.28.5", "pathe": "^2.0.3" } }, "sha512-m1Q/RaVOnTp9JxPX+F+Zn7IcLYMzM8kZofDImfsKZd8MbR+ikdOzTeztStWqfrqIxZnYWryyI9ePm3NGjnZgGw=="],

    "balanced-match": ["balanced-match@4.0.4", "", {}, "sha512-BLrgEcRTwX2o6gGxGOCNyMvGSp35YofuYzw9h1IMTRmKqttAZZVU67bdb9Pr2vUHA8+j3i2tJfjO6C6+4myGTA=="],

    "birpc": ["birpc@2.9.0", "", {}, "sha512-KrayHS5pBi69Xi9JmvoqrIgYGDkD6mcSe/i6YKi3w5kekCLzrX4+nawcXqrj2tIp50Kw/mT/s3p+GVK0A0sKxw=="],

    "brace-expansion": ["brace-expansion@5.0.7", "", { "dependencies": { "balanced-match": "^4.0.2" } }, "sha512-7oFy703dxfY3/NLxC1fh2SUCQ0H9rmAY+5EpDVfXjUTTs+HEwR2nYaqLv+GWcTsumwxPfiz6CzCNkwXwBUwqCA=="],

    "bun-types": ["bun-types@1.3.14", "", { "dependencies": { "@types/node": "*" } }, "sha512-4N0ig0fEomHt5R0KCFWjovxow98rIoRwKolrYdCcknNwMekCXRnWEUvgu5soYV8QXtVsrUD8B95MBOZGPvr6KQ=="],

    "cac": ["cac@7.0.0", "", {}, "sha512-tixWYgm5ZoOD+3g6UTea91eow5z6AAHaho3g0V9CNSNb45gM8SmflpAc+GRd1InC4AqN/07Unrgp56Y94N9hJQ=="],

    "chalk": ["chalk@4.1.2", "", { "dependencies": { "ansi-styles": "^4.1.0", "supports-color": "^7.1.0" } }, "sha512-oKnbhFyRIXpUuez8iBMmyEa4nbj4IOQyuhc/wy9kY7/WVPcwIO9VA668Pu8RkO7+0G76SLROeyw9CpQ061i4mA=="],

    "chokidar": ["chokidar@4.0.3", "", { "dependencies": { "readdirp": "^4.0.1" } }, "sha512-Qgzu8kfBvo+cA4962jnP1KkS6Dop5NS6g7R5LFYJr4b8Ub94PPQXUksCw9PvXoeXPRRddRNC5C1JQUR2SMGtnA=="],

    "color-convert": ["color-convert@2.0.1", "", { "dependencies": { "color-name": "~1.1.4" } }, "sha512-RRECPsj7iu/xb5oKYcsFHSppFNnsj/52OVTRKb4zP5onXwVF3zVmmToNcOfGC+CRDpfK/U584fMg38ZHCaElKQ=="],

    "color-name": ["color-name@1.1.4", "", {}, "sha512-dOy+3AuW3a2wNbZHIuMZpTcgjGuLU/uBL/ubcZF9OXbDo8ff4O8yVp5Bf0efS8uEoYo5q4Fx7dY9OgQGXgAsQA=="],

    "debug": ["debug@4.4.3", "", { "dependencies": { "ms": "^2.1.3" } }, "sha512-RGwwWnwQvkVfavKVt22FGLw+xYSdzARwm0ru6DhTVA3umU5hZc28V3kO4stgYryrTlLpuvgI9GiijltAjNbcqA=="],

    "defu": ["defu@6.1.7", "", {}, "sha512-7z22QmUWiQ/2d0KkdYmANbRUVABpZ9SNYyH5vx6PZ+nE5bcC0l7uFvEfHlyld/HcGBFTL536ClDt3DEcSlEJAQ=="],

    "diff": ["diff@8.0.4", "", {}, "sha512-DPi0FmjiSU5EvQV0++GFDOJ9ASQUVFh5kD+OzOnYdi7n3Wpm9hWWGfB/O2blfHcMVTL5WkQXSnRiK9makhrcnw=="],

    "dts-resolver": ["dts-resolver@2.1.3", "", { "peerDependencies": { "oxc-resolver": ">=11.0.0" }, "optionalPeers": ["oxc-resolver"] }, "sha512-bihc7jPC90VrosXNzK0LTE2cuLP6jr0Ro8jk+kMugHReJVLIpHz/xadeq3MhuwyO4TD4OA3L1Q8pBBFRc08Tsw=="],

    "empathic": ["empathic@2.0.1", "", {}, "sha512-YGRs8knHhKHVShLkFET/rWAU8kmHbOV5LwN938RHI0pljAJ1Gf6SzXsSmRaEzcXTtOOmVqJ5+WtQPL5uigY50Q=="],

    "eslint-visitor-keys": ["eslint-visitor-keys@5.0.1", "", {}, "sha512-tD40eHxA35h0PEIZNeIjkHoDR4YjjJp34biM0mDvplBe//mB+IHCqHDGV7pxF+7MklTvighcCPPZC7ynWyjdTA=="],

    "fast-deep-equal": ["fast-deep-equal@3.1.3", "", {}, "sha512-f3qQ9oQy9j2AhBe/H9VC91wLmKBCCU/gDOnKNAYG5hswO7BLKj09Hc5HYNz9cGI++xlpDCIgDaitVs03ATR84Q=="],

    "fdir": ["fdir@6.5.0", "", { "peerDependencies": { "picomatch": "^3 || ^4" }, "optionalPeers": ["picomatch"] }, "sha512-tIbYtZbucOs0BRGqPJkshJUYdL+SDH7dVM8gjy+ERp3WAUjLEFJE+02kanyHtwjWOnwrKYBiwAmM0p4kLJAnXg=="],

    "get-tsconfig": ["get-tsconfig@4.14.0", "", { "dependencies": { "resolve-pkg-maps": "^1.0.0" } }, "sha512-yTb+8DXzDREzgvYmh6s9vHsSVCHeC0G3PI5bEXNBHtmshPnO+S5O7qgLEOn0I5QvMy6kpZN8K1NKGyilLb93wA=="],

    "has-flag": ["has-flag@4.0.0", "", {}, "sha512-EykJT/Q1KjTWctppgIAgfSO0tKVuZUjhgMr17kqTumMl6Afv3EISleU7qZUzoXDFTAHTDC4NOoG/ZxU3EvlMPQ=="],

    "hookable": ["hookable@5.5.3", "", {}, "sha512-Yc+BQe8SvoXH1643Qez1zqLRmbA5rCL+sSmk6TVos0LWVfNIB7PGncdlId77WzLGSIB5KaWgTaNTs2lNVEI6VQ=="],

    "jest-diff": ["jest-diff@30.4.1", "", { "dependencies": { "@jest/diff-sequences": "30.4.0", "@jest/get-type": "30.1.0", "chalk": "^4.1.2", "pretty-format": "30.4.1" } }, "sha512-CRpFK0RtLriVDGcPPAnR6HMVI8bSR2jnUIgralhauzYQZIb4RH9AtEInTuQr65LmmGggGcRT6HIASxwqsVsmlA=="],

    "jiti": ["jiti@2.7.0", "", { "bin": { "jiti": "lib/jiti-cli.mjs" } }, "sha512-AC/7JofJvZGrrneWNaEnJeOLUx+JlGt7tNa0wZiRPT4MY1wmfKjt2+6O2p2uz2+skll8OZZmJMNqeke7kKbNgQ=="],

    "jsesc": ["jsesc@3.1.0", "", { "bin": { "jsesc": "bin/jsesc" } }, "sha512-/sM3dO2FOzXjKQhJuo0Q173wf2KOo8t4I8vHy6lF9poUp7bKT0/NHE8fPX23PwfhnykfqnC2xRxOnVw5XuGIaA=="],

    "kleur": ["kleur@3.0.3", "", {}, "sha512-eTIzlVOSUR+JxdDFepEYcBMtZ9Qqdef+rnzWdRZuMbOywu5tO2w2N7rqjoANZ5k9vywhL6Br1VRjUIgTQx4E8w=="],

    "magic-string": ["magic-string@0.30.21", "", { "dependencies": { "@jridgewell/sourcemap-codec": "^1.5.5" } }, "sha512-vd2F4YUyEXKGcLHoq+TEyCjxueSeHnFxyyjNp80yg0XV4vUhnDer/lvvlqM/arB5bXQN5K2/3oinyCRyx8T2CQ=="],

    "minimatch": ["minimatch@10.2.5", "", { "dependencies": { "brace-expansion": "^5.0.5" } }, "sha512-MULkVLfKGYDFYejP07QOurDLLQpcjk7Fw+7jXS2R2czRQzR56yHRveU5NDJEOviH+hETZKSkIk5c+T23GjFUMg=="],

    "ms": ["ms@2.1.3", "", {}, "sha512-6FlzubTLZG3J2a/NVCAleEhjzq5oxgHyaCU9yYXvcLsvoVaHJq/s5xXI6/XXP6tz7R9xAOtHnSO/tXtF3WRTlA=="],

    "napi-zig": ["napi-zig@0.1.45", "", { "dependencies": { "cac": "^7.0.0", "package-manager-detector": "^1.6.0", "prompts": "^2.4.2", "semver": "^7.7.4" }, "bin": { "napi-zig": "dist/index.js" } }, "sha512-2cr7S+Mgz4RLN/l8vpqxJY7dbzcZEkQwMXBy4YEhQ0jvydtAgTfF66jfYQv22TSy16sC53h/QbUP85UhAfl4zQ=="],

    "obug": ["obug@2.1.4", "", {}, "sha512-4a+OsYv9UktOJKE+l1A4OufDgdRF9PifWj+tJnHURo/P+WOxpG4GzUFL9qCalmWauao6ogiG+QvnCovwPoyAWA=="],

    "package-manager-detector": ["package-manager-detector@1.7.0", "", {}, "sha512-xg1eHpwYL/D/HEdWw2goFZP6vV0FH7W+PZ5rFkGjdIDLtxq7EkzBUeT3m+lndYCt8wKbmofUu1MUdMCXkCk9ZQ=="],

    "pathe": ["pathe@2.0.3", "", {}, "sha512-WUjGcAqP1gQacoQe+OBJsFA7Ld4DyXuUIjZ5cc75cLHvJ7dtNsTugphxIADwspS+AraAUePCKrSVtPLFj/F88w=="],

    "picomatch": ["picomatch@4.0.5", "", {}, "sha512-RvwwcruNjI1ncT5xRakeyS9Lf8lcItv34KD+aif+VH9kduAyfYBipGh12274xtenIPZ119/R9BdTBa8gAwSh0A=="],

    "pretty-format": ["pretty-format@30.4.1", "", { "dependencies": { "@jest/schemas": "30.4.1", "ansi-styles": "^5.2.0", "react-is-18": "npm:react-is@^18.3.1", "react-is-19": "npm:react-is@^19.2.5" } }, "sha512-K6KiKMHTL4jjX4u3Kir2EW07nRfcqVTXIImx50wbjHQTcZPgg+gjVeNTIT3l3L1Rd4UefxfogquC9J37SoFyyw=="],

    "prompts": ["prompts@2.4.2", "", { "dependencies": { "kleur": "^3.0.3", "sisteransi": "^1.0.5" } }, "sha512-NxNv/kLguCA7p3jE8oL2aEBsrJWgAakBpgmgK6lpPWV+WuOmY6r2/zbAVnP+T8bQlA0nzHXSJSJW0Hq7ylaD2Q=="],

    "quansync": ["quansync@1.0.0", "", {}, "sha512-5xZacEEufv3HSTPQuchrvV6soaiACMFnq1H8wkVioctoH3TRha9Sz66lOxRwPK/qZj7HPiSveih9yAyh98gvqA=="],

    "react-is-18": ["react-is@18.3.1", "", {}, "sha512-/LLMVyas0ljjAtoYiPqYiL8VWXzUUdThrmU5+n20DZv+a+ClRoevUzw5JxU+Ieh5/c87ytoTBV9G1FiKfNJdmg=="],

    "react-is-19": ["react-is@19.2.7", "", {}, "sha512-kZFnouyVv7eP/Phmrlo9FK+zcAdriZJvzxXHF1Sl1P377WSGe2G/JxVolhTrB/jeV47lKImhNUsijjHAAbcl/A=="],

    "readdirp": ["readdirp@4.1.2", "", {}, "sha512-GDhwkLfywWL2s6vEjyhri+eXmfH6j1L7JE27WhqLeYzoh/A3DBaYGEj2H/HFZCn/kMfim73FXxEJTw06WtxQwg=="],

    "resolve-pkg-maps": ["resolve-pkg-maps@1.0.0", "", {}, "sha512-seS2Tj26TBVOC2NIc2rOe2y2ZO7efxITtLZcGSOnHHNOQ7CkiUBfw0Iw2ck6xkIhPwLhKNLS8BO+hEpngQlqzw=="],

    "rolldown": ["rolldown@1.0.0-beta.45", "", { "dependencies": { "@oxc-project/types": "=0.95.0", "@rolldown/pluginutils": "1.0.0-beta.45" }, "optionalDependencies": { "@rolldown/binding-android-arm64": "1.0.0-beta.45", "@rolldown/binding-darwin-arm64": "1.0.0-beta.45", "@rolldown/binding-darwin-x64": "1.0.0-beta.45", "@rolldown/binding-freebsd-x64": "1.0.0-beta.45", "@rolldown/binding-linux-arm-gnueabihf": "1.0.0-beta.45", "@rolldown/binding-linux-arm64-gnu": "1.0.0-beta.45", "@rolldown/binding-linux-arm64-musl": "1.0.0-beta.45", "@rolldown/binding-linux-x64-gnu": "1.0.0-beta.45", "@rolldown/binding-linux-x64-musl": "1.0.0-beta.45", "@rolldown/binding-openharmony-arm64": "1.0.0-beta.45", "@rolldown/binding-wasm32-wasi": "1.0.0-beta.45", "@rolldown/binding-win32-arm64-msvc": "1.0.0-beta.45", "@rolldown/binding-win32-ia32-msvc": "1.0.0-beta.45", "@rolldown/binding-win32-x64-msvc": "1.0.0-beta.45" }, "bin": { "rolldown": "bin/cli.mjs" } }, "sha512-iMmuD72XXLf26Tqrv1cryNYLX6NNPLhZ3AmNkSf8+xda0H+yijjGJ+wVT9UdBUHOpKzq9RjKtQKRCWoEKQQBZQ=="],

    "rolldown-plugin-dts": ["rolldown-plugin-dts@0.17.8", "", { "dependencies": { "@babel/generator": "^7.28.5", "@babel/parser": "^7.28.5", "@babel/types": "^7.28.5", "ast-kit": "^2.2.0", "birpc": "^2.8.0", "dts-resolver": "^2.1.3", "get-tsconfig": "^4.13.0", "magic-string": "^0.30.21", "obug": "^2.0.0" }, "peerDependencies": { "@ts-macro/tsc": "^0.3.6", "@typescript/native-preview": ">=7.0.0-dev.20250601.1", "rolldown": "^1.0.0-beta.44", "typescript": "^5.0.0", "vue-tsc": "~3.1.0" }, "optionalPeers": ["@ts-macro/tsc", "@typescript/native-preview", "typescript", "vue-tsc"] }, "sha512-76EEBlhF00yeY6M7VpMkWKI4r9WjuoMiOGey7j4D6zf3m0BR+ZrrY9hvSXdueJ3ljxSLq4DJBKFpX/X9+L7EKw=="],

    "semver": ["semver@7.8.5", "", { "bin": { "semver": "bin/semver.js" } }, "sha512-Y7/KDsb8LjooZpwaqGyulO6DQlksgCncchHGk+sZIY4SBvUocMBEFH5Ur1fI4dV+Jvl0w6cjvucaIi40puRioA=="],

    "sisteransi": ["sisteransi@1.0.5", "", {}, "sha512-bLGGlR1QxBcynn2d5YmDX4MGjlZvy2MRBDRNHLJ8VI6l6+9FUiyTFNJ0IveOSP0bcXgVDPRcfGqA0pjaqUpfVg=="],

    "supports-color": ["supports-color@7.2.0", "", { "dependencies": { "has-flag": "^4.0.0" } }, "sha512-qpCAvRl9stuOHveKsn7HncJRvv501qIacKzQlO/+Lwxc9+0q2wLyv4Dfvt80/DPn2pqOBsJdDiogXGR9+OvwRw=="],

    "tinyexec": ["tinyexec@1.2.4", "", {}, "sha512-SHf/r48b7vOrjve9PxJo3MN5v5yuyjHvdUcrQffT3WXMUfnGmHDVbC4k3sHJaJTgZCwpUplIaAo5ANtMyp3YHg=="],

    "tinyglobby": ["tinyglobby@0.2.17", "", { "dependencies": { "fdir": "^6.5.0", "picomatch": "^4.0.4" } }, "sha512-wXR/dYpcqKmfWpEdZjiKJOwCNFndD0DMnrW/cYjVGttEkBfVgcLFHoNrlj47mjOVic9yyNu65alsgF4NQyTa2g=="],

    "tree-kill": ["tree-kill@1.2.2", "", { "bin": { "tree-kill": "cli.js" } }, "sha512-L0Orpi8qGpRG//Nd+H90vFB+3iHnue1zSSGmNOOCh1GLJ7rUKVwV2HvijphGQS2UmhUZewS9VgvxYIdgr+fG1A=="],

    "ts-api-utils": ["ts-api-utils@2.5.0", "", { "peerDependencies": { "typescript": ">=4.8.4" } }, "sha512-OJ/ibxhPlqrMM0UiNHJ/0CKQkoKF243/AEmplt3qpRgkW8VG7IfOS41h7V8TjITqdByHzrjcS/2si+y4lIh8NA=="],

    "tsdown": ["tsdown@0.15.12", "", { "dependencies": { "ansis": "^4.2.0", "cac": "^6.7.14", "chokidar": "^4.0.3", "debug": "^4.4.3", "diff": "^8.0.2", "empathic": "^2.0.0", "hookable": "^5.5.3", "rolldown": "1.0.0-beta.45", "rolldown-plugin-dts": "^0.17.2", "semver": "^7.7.3", "tinyexec": "^1.0.1", "tinyglobby": "^0.2.15", "tree-kill": "^1.2.2", "unconfig": "^7.3.3" }, "peerDependencies": { "@arethetypeswrong/core": "^0.18.1", "publint": "^0.3.0", "typescript": "^5.0.0", "unplugin-lightningcss": "^0.4.0", "unplugin-unused": "^0.5.0", "unrun": "^0.2.1" }, "optionalPeers": ["@arethetypeswrong/core", "publint", "typescript", "unplugin-lightningcss", "unplugin-unused", "unrun"], "bin": { "tsdown": "dist/run.mjs" } }, "sha512-c8VLlQm8/lFrOAg5VMVeN4NAbejZyVQkzd+ErjuaQgJFI/9MhR9ivr0H/CM7UlOF1+ELlF6YaI7sU/4itgGQ8w=="],

    "tslib": ["tslib@2.8.1", "", {}, "sha512-oJFu94HQb+KVduSUQL7wnpmqnfmLsOA/nAh6b6EH0wCEoK0/mPeXU6c3wKDV83MkOuHPRHtSXKKU99IBazS/2w=="],

    "typescript": ["typescript@6.0.3", "", { "bin": { "tsc": "bin/tsc", "tsserver": "bin/tsserver" } }, "sha512-y2TvuxSZPDyQakkFRPZHKFm+KKVqIisdg9/CZwm9ftvKXLP8NRWj38/ODjNbr43SsoXqNuAisEf1GdCxqWcdBw=="],

    "unconfig": ["unconfig@7.5.0", "", { "dependencies": { "@quansync/fs": "^1.0.0", "defu": "^6.1.4", "jiti": "^2.6.1", "quansync": "^1.0.0", "unconfig-core": "7.5.0" } }, "sha512-oi8Qy2JV4D3UQ0PsopR28CzdQ3S/5A1zwsUwp/rosSbfhJ5z7b90bIyTwi/F7hCLD4SGcZVjDzd4XoUQcEanvA=="],

    "unconfig-core": ["unconfig-core@7.5.0", "", { "dependencies": { "@quansync/fs": "^1.0.0", "quansync": "^1.0.0" } }, "sha512-Su3FauozOGP44ZmKdHy2oE6LPjk51M/TRRjHv2HNCWiDvfvCoxC2lno6jevMA91MYAdCdwP05QnWdWpSbncX/w=="],

    "undici-types": ["undici-types@8.3.0", "", {}, "sha512-j375ScV60dom+YkPFIfTLcOiPxkN/buHz5GobjLhixFuANaNs3C9l4GmrWqejgXWJ7BbJcFYpTEUkS1Ge8bpZQ=="],

    "yuku-analyzer": ["yuku-analyzer@workspace:npm/yuku-analyzer"],

    "yuku-ast": ["yuku-ast@workspace:npm/yuku-ast"],

    "yuku-codegen": ["yuku-codegen@workspace:npm/yuku-codegen"],

    "yuku-parser": ["yuku-parser@workspace:npm/yuku-parser"],

    "pretty-format/ansi-styles": ["ansi-styles@5.2.0", "", {}, "sha512-Cxwpt2SfTzTtXcfOlzGEee8O+c+MmUgGrNiBcXnuWxuFJHe6a5Hz7qwhwe5OgaSYI0IJvkLqWX1ASG+cJOkEiA=="],

    "tsdown/cac": ["cac@6.7.14", "", {}, "sha512-b6Ilus+c3RrdDk+JhLKUAQfzzgLEPy6wcXqS7f/xe1EETvsDP6GORG7SFuOs6cID5YkqchW/LXZbX5bc8j7ZcQ=="],
  }
}
