{
  "lockfileVersion": 1,
  "workspaces": {
    "": {
      "name": "yuku",
      "dependencies": {
        "oxc-parser": "^0.102.0",
      },
      "devDependencies": {
        "@types/bun": "latest",
      },
      "peerDependencies": {
        "typescript": "^5",
      },
    },
  },
  "packages": {
    "@emnapi/core": ["@emnapi/core@1.7.1", "", { "dependencies": { "@emnapi/wasi-threads": "1.1.0", "tslib": "^2.4.0" } }, "sha512-o1uhUASyo921r2XtHYOHy7gdkGLge8ghBEQHMWmyJFoXlpU58kIrhhN3w26lpQb6dspetweapMn2CSNwQ8I4wg=="],

    "@emnapi/runtime": ["@emnapi/runtime@1.7.1", "", { "dependencies": { "tslib": "^2.4.0" } }, "sha512-PVtJr5CmLwYAU9PZDMITZoR5iAOShYREoR45EyyLrbntV50mdePTgUn4AmOw90Ifcj+x2kRjdzr1HP3RrNiHGA=="],

    "@emnapi/wasi-threads": ["@emnapi/wasi-threads@1.1.0", "", { "dependencies": { "tslib": "^2.4.0" } }, "sha512-WI0DdZ8xFSbgMjR1sFsKABJ/C5OnRrjT06JXbZKexJGrDuPTzZdDYfFlsgcCXCyf+suG5QU2e/y1Wo2V/OapLQ=="],

    "@napi-rs/wasm-runtime": ["@napi-rs/wasm-runtime@1.1.0", "", { "dependencies": { "@emnapi/core": "^1.7.1", "@emnapi/runtime": "^1.7.1", "@tybys/wasm-util": "^0.10.1" } }, "sha512-Fq6DJW+Bb5jaWE69/qOE0D1TUN9+6uWhCeZpdnSBk14pjLcCWR7Q8n49PTSPHazM37JqrsdpEthXy2xn6jWWiA=="],

    "@oxc-parser/binding-android-arm64": ["@oxc-parser/binding-android-arm64@0.102.0", "", { "os": "android", "cpu": "arm64" }, "sha512-pD2if3w3cxPvYbsBSTbhxAYGDaG6WVwnqYG0mYRQ142D6SJ6BpNs7YVQrqpRA2AJQCmzaPP5TRp/koFLebagfQ=="],

    "@oxc-parser/binding-darwin-arm64": ["@oxc-parser/binding-darwin-arm64@0.102.0", "", { "os": "darwin", "cpu": "arm64" }, "sha512-RzMN6f6MrjjpQC2Dandyod3iOscofYBpHaTecmoRRbC5sJMwsurkqUMHzoJX9F6IM87kn8m/JcClnoOfx5Sesw=="],

    "@oxc-parser/binding-darwin-x64": ["@oxc-parser/binding-darwin-x64@0.102.0", "", { "os": "darwin", "cpu": "x64" }, "sha512-Sr2/3K6GEcejY+HgWp5HaxRPzW5XHe9IfGKVn9OhLt8fzVLnXbK5/GjXj7JjMCNKI3G3ZPZDG2Dgm6CX3MaHCA=="],

    "@oxc-parser/binding-freebsd-x64": ["@oxc-parser/binding-freebsd-x64@0.102.0", "", { "os": "freebsd", "cpu": "x64" }, "sha512-s9F2N0KJCGEpuBW6ChpFfR06m2Id9ReaHSl8DCca4HvFNt8SJFPp8fq42n2PZy68rtkremQasM0JDrK2BoBeBQ=="],

    "@oxc-parser/binding-linux-arm-gnueabihf": ["@oxc-parser/binding-linux-arm-gnueabihf@0.102.0", "", { "os": "linux", "cpu": "arm" }, "sha512-zRCIOWzLbqhfY4g8KIZDyYfO2Fl5ltxdQI1v2GlePj66vFWRl8cf4qcBGzxKfsH3wCZHAhmWd1Ht59mnrfH/UQ=="],

    "@oxc-parser/binding-linux-arm64-gnu": ["@oxc-parser/binding-linux-arm64-gnu@0.102.0", "", { "os": "linux", "cpu": "arm64" }, "sha512-5n5RbHgfjulRhKB0pW5p0X/NkQeOpI4uI9WHgIZbORUDATGFC8yeyPA6xYGEs+S3MyEAFxl4v544UEIWwqAgsA=="],

    "@oxc-parser/binding-linux-arm64-musl": ["@oxc-parser/binding-linux-arm64-musl@0.102.0", "", { "os": "linux", "cpu": "arm64" }, "sha512-/XWcmglH/VJ4yKAGTLRgPKSSikh3xciNxkwGiURt8dS30b+3pwc4ZZmudMu0tQ3mjSu0o7V9APZLMpbHK8Bp5w=="],

    "@oxc-parser/binding-linux-riscv64-gnu": ["@oxc-parser/binding-linux-riscv64-gnu@0.102.0", "", { "os": "linux", "cpu": "none" }, "sha512-2jtIq4nswvy6xdqv1ndWyvVlaRpS0yqomLCvvHdCFx3pFXo5Aoq4RZ39kgvFWrbAtpeYSYeAGFnwgnqjx9ftdw=="],

    "@oxc-parser/binding-linux-s390x-gnu": ["@oxc-parser/binding-linux-s390x-gnu@0.102.0", "", { "os": "linux", "cpu": "s390x" }, "sha512-Yp6HX/574mvYryiqj0jNvNTJqo4pdAsNP2LPBTxlDQ1cU3lPd7DUA4MQZadaeLI8+AGB2Pn50mPuPyEwFIxeFg=="],

    "@oxc-parser/binding-linux-x64-gnu": ["@oxc-parser/binding-linux-x64-gnu@0.102.0", "", { "os": "linux", "cpu": "x64" }, "sha512-R4b0xZpDRhoNB2XZy0kLTSYm0ZmWeKjTii9fcv1Mk3/SIGPrrglwt4U6zEtwK54Dfi4Bve5JnQYduigR/gyDzw=="],

    "@oxc-parser/binding-linux-x64-musl": ["@oxc-parser/binding-linux-x64-musl@0.102.0", "", { "os": "linux", "cpu": "x64" }, "sha512-xM5A+03Ti3jvWYZoqaBRS3lusvnvIQjA46Fc9aBE/MHgvKgHSkrGEluLWg/33QEwBwxupkH25Pxc1yu97oZCtg=="],

    "@oxc-parser/binding-openharmony-arm64": ["@oxc-parser/binding-openharmony-arm64@0.102.0", "", { "os": "none", "cpu": "arm64" }, "sha512-AieLlsliblyaTFq7Iw9Nc618tgwV02JT4fQ6VIUd/3ZzbluHIHfPjIXa6Sds+04krw5TvCS8lsegtDYAyzcyhg=="],

    "@oxc-parser/binding-wasm32-wasi": ["@oxc-parser/binding-wasm32-wasi@0.102.0", "", { "dependencies": { "@napi-rs/wasm-runtime": "^1.1.0" }, "cpu": "none" }, "sha512-w6HRyArs1PBb9rDsQSHlooe31buUlUI2iY8sBzp62jZ1tmvaJo9EIVTQlRNDkwJmk9DF9uEyIJ82EkZcCZTs9A=="],

    "@oxc-parser/binding-win32-arm64-msvc": ["@oxc-parser/binding-win32-arm64-msvc@0.102.0", "", { "os": "win32", "cpu": "arm64" }, "sha512-pqP5UuLiiFONQxqGiUFMdsfybaK1EOK4AXiPlvOvacLaatSEPObZGpyCkAcj9aZcvvNwYdeY9cxGM9IT3togaA=="],

    "@oxc-parser/binding-win32-x64-msvc": ["@oxc-parser/binding-win32-x64-msvc@0.102.0", "", { "os": "win32", "cpu": "x64" }, "sha512-ntMcL35wuLR1A145rLSmm7m7j8JBZGkROoB9Du0KFIFcfi/w1qk75BdCeiTl3HAKrreAnuhW3QOGs6mJhntowA=="],

    "@oxc-project/types": ["@oxc-project/types@0.102.0", "", {}, "sha512-8Skrw405g+/UJPKWJ1twIk3BIH2nXdiVlVNtYT23AXVwpsd79es4K+KYt06Fbnkc5BaTvk/COT2JuCLYdwnCdA=="],

    "@tybys/wasm-util": ["@tybys/wasm-util@0.10.1", "", { "dependencies": { "tslib": "^2.4.0" } }, "sha512-9tTaPJLSiejZKx+Bmog4uSubteqTvFrVrURwkmHixBo0G4seD0zUxp98E1DzUBJxLQ3NPwXrGKDiVjwx/DpPsg=="],

    "@types/bun": ["@types/bun@1.3.4", "", { "dependencies": { "bun-types": "1.3.4" } }, "sha512-EEPTKXHP+zKGPkhRLv+HI0UEX8/o+65hqARxLy8Ov5rIxMBPNTjeZww00CIihrIQGEQBYg+0roO5qOnS/7boGA=="],

    "@types/node": ["@types/node@24.10.2", "", { "dependencies": { "undici-types": "~7.16.0" } }, "sha512-WOhQTZ4G8xZ1tjJTvKOpyEVSGgOTvJAfDK3FNFgELyaTpzhdgHVHeqW8V+UJvzF5BT+/B54T/1S2K6gd9c7bbA=="],

    "bun-types": ["bun-types@1.3.4", "", { "dependencies": { "@types/node": "*" } }, "sha512-5ua817+BZPZOlNaRgGBpZJOSAQ9RQ17pkwPD0yR7CfJg+r8DgIILByFifDTa+IPDDxzf5VNhtNlcKqFzDgJvlQ=="],

    "oxc-parser": ["oxc-parser@0.102.0", "", { "dependencies": { "@oxc-project/types": "^0.102.0" }, "optionalDependencies": { "@oxc-parser/binding-android-arm64": "0.102.0", "@oxc-parser/binding-darwin-arm64": "0.102.0", "@oxc-parser/binding-darwin-x64": "0.102.0", "@oxc-parser/binding-freebsd-x64": "0.102.0", "@oxc-parser/binding-linux-arm-gnueabihf": "0.102.0", "@oxc-parser/binding-linux-arm64-gnu": "0.102.0", "@oxc-parser/binding-linux-arm64-musl": "0.102.0", "@oxc-parser/binding-linux-riscv64-gnu": "0.102.0", "@oxc-parser/binding-linux-s390x-gnu": "0.102.0", "@oxc-parser/binding-linux-x64-gnu": "0.102.0", "@oxc-parser/binding-linux-x64-musl": "0.102.0", "@oxc-parser/binding-openharmony-arm64": "0.102.0", "@oxc-parser/binding-wasm32-wasi": "0.102.0", "@oxc-parser/binding-win32-arm64-msvc": "0.102.0", "@oxc-parser/binding-win32-x64-msvc": "0.102.0" } }, "sha512-xMiyHgr2FZsphQ12ZCsXRvSYzmKXCm1ejmyG4GDZIiKOmhyt5iKtWq0klOfFsEQ6jcgbwrUdwcCVYzr1F+h5og=="],

    "tslib": ["tslib@2.8.1", "", {}, "sha512-oJFu94HQb+KVduSUQL7wnpmqnfmLsOA/nAh6b6EH0wCEoK0/mPeXU6c3wKDV83MkOuHPRHtSXKKU99IBazS/2w=="],

    "typescript": ["typescript@5.9.3", "", { "bin": { "tsc": "bin/tsc", "tsserver": "bin/tsserver" } }, "sha512-jl1vZzPDinLr9eUt3J/t7V6FgNEw9QjvBPdysz9KfQDD41fQrC2Y4vKQdiaUpFT4bXlb1RHhLpp8wtm6M5TgSw=="],

    "undici-types": ["undici-types@7.16.0", "", {}, "sha512-Zz+aZWSj8LE6zoxD+xrjh4VfkIG8Ya6LvYkZqtUQGJPZjYl53ypCaUwWqo7eI0x66KBGeRo+mlBEkMSeSZ38Nw=="],
  }
}
